
Microsoft Visual Studio Solution File, Format Version 12.00
# Visual Studio Version 16
VisualStudioVersion = 16.0.32106.194
MinimumVisualStudioVersion = 10.0.40219.1
Project("{FAE04EC0-301F-11D3-BF4B-00C04F79EFBC}") = "eazydnevnik", "eazydnevnik\eazydnevnik.csproj", "{FFA03E07-9DBE-4976-903F-A1BC42EF4CB3}"
EndProject
Global
	GlobalSection(SolutionConfigurationPlatforms) = preSolution
		Debug|Any CPU = Debug|Any CPU
		Release|Any CPU = Release|Any CPU
	EndGlobalSection
	GlobalSection(ProjectConfigurationPlatforms) = postSolution
		{FFA03E07-9DBE-4976-903F-A1BC42EF4CB3}.Debug|Any CPU.ActiveCfg = Debug|Any CPU
		{FFA03E07-9DBE-4976-903F-A1BC42EF4CB3}.Debug|Any CPU.Build.0 = Debug|Any CPU
		{FFA03E07-9DBE-4976-903F-A1BC42EF4CB3}.Release|Any CPU.ActiveCfg = Release|Any CPU
		{FFA03E07-9DBE-4976-903F-A1BC42EF4CB3}.Release|Any CPU.Build.0 = Release|Any CPU
	EndGlobalSection
	GlobalSection(SolutionProperties) = preSolution
		HideSolutionNode = FALSE
	EndGlobalSection
	GlobalSection(ExtensibilityGlobals) = postSolution
		SolutionGuid = {A4EBC7E5-B1F7-4855-BA1E-B69AC9C19D54}
	EndGlobalSection
EndGlobal
